// !$*UTF8*$!
{
	archiveVersion = 1;
	classes = {
	};
	objectVersion = 56;
	objects = {

/* Begin PBXBuildFile section */
		D081945A2BABF90E00AA7C0B /* Model.swift in Sources */ = {isa = PBXBuildFile; fileRef = D08194592BABF90E00AA7C0B /* Model.swift */; };
		D081945C2BABF95300AA7C0B /* ViewModel.swift in Sources */ = {isa = PBXBuildFile; fileRef = D081945B2BABF95300AA7C0B /* ViewModel.swift */; };
		D0C200E52BAB73E800935DAF /* GameStream1App.swift in Sources */ = {isa = PBXBuildFile; fileRef = D0C200E42BAB73E800935DAF /* GameStream1App.swift */; };
		D0C200E92BAB73EA00935DAF /* Assets.xcassets in Resources */ = {isa = PBXBuildFile; fileRef = D0C200E82BAB73EA00935DAF /* Assets.xcassets */; };
		D0C200EC2BAB73EA00935DAF /* Preview Assets.xcassets in Resources */ = {isa = PBXBuildFile; fileRef = D0C200EB2BAB73EA00935DAF /* Preview Assets.xcassets */; };
		D0C200F32BAB745900935DAF /* ContentView.swift in Sources */ = {isa = PBXBuildFile; fileRef = D0C200F22BAB745900935DAF /* ContentView.swift */; };
		D0C200F52BAB746600935DAF /* Home.swift in Sources */ = {isa = PBXBuildFile; fileRef = D0C200F42BAB746600935DAF /* Home.swift */; };
		D0C200F72BAB747B00935DAF /* GamesView.swift in Sources */ = {isa = PBXBuildFile; fileRef = D0C200F62BAB747B00935DAF /* GamesView.swift */; };
/* End PBXBuildFile section */

/* Begin PBXFileReference section */
		D08194592BABF90E00AA7C0B /* Model.swift */ = {isa = PBXFileReference; lastKnownFileType = sourcecode.swift; path = Model.swift; sourceTree = "<group>"; };
		D081945B2BABF95300AA7C0B /* ViewModel.swift */ = {isa = PBXFileReference; lastKnownFileType = sourcecode.swift; path = ViewModel.swift; sourceTree = "<group>"; };
		D0C200E12BAB73E800935DAF /* GameStream1.app */ = {isa = PBXFileReference; explicitFileType = wrapper.application; includeInIndex = 0; path = GameStream1.app; sourceTree = BUILT_PRODUCTS_DIR; };
		D0C200E42BAB73E800935DAF /* GameStream1App.swift */ = {isa = PBXFileReference; lastKnownFileType = sourcecode.swift; path = GameStream1App.swift; sourceTree = "<group>"; };
		D0C200E82BAB73EA00935DAF /* Assets.xcassets */ = {isa = PBXFileReference; lastKnownFileType = folder.assetcatalog; path = Assets.xcassets; sourceTree = "<group>"; };
		D0C200EB2BAB73EA00935DAF /* Preview Assets.xcassets */ = {isa = PBXFileReference; lastKnownFileType = folder.assetcatalog; path = "Preview Assets.xcassets"; sourceTree = "<group>"; };
		D0C200F22BAB745900935DAF /* ContentView.swift */ = {isa = PBXFileReference; fileEncoding = 4; lastKnownFileType = sourcecode.swift; path = ContentView.swift; sourceTree = "<group>"; };
		D0C200F42BAB746600935DAF /* Home.swift */ = {isa = PBXFileReference; fileEncoding = 4; lastKnownFileType = sourcecode.swift; path = Home.swift; sourceTree = "<group>"; };
		D0C200F62BAB747B00935DAF /* GamesView.swift */ = {isa = PBXFileReference; fileEncoding = 4; lastKnownFileType = sourcecode.swift; path = GamesView.swift; sourceTree = "<group>"; };
/* End PBXFileReference section */

/* Begin PBXFrameworksBuildPhase section */
		D0C200DE2BAB73E800935DAF /* Frameworks */ = {
			isa = PBXFrameworksBuildPhase;
			buildActionMask = 2147483647;
			files = (
			);
			runOnlyForDeploymentPostprocessing = 0;
		};
/* End PBXFrameworksBuildPhase section */

/* Begin PBXGroup section */
		D08194542BABF70300AA7C0B /* Vistas */ = {
			isa = PBXGroup;
			children = (
				D0C200F22BAB745900935DAF /* ContentView.swift */,
				D0C200F42BAB746600935DAF /* Home.swift */,
				D0C200F62BAB747B00935DAF /* GamesView.swift */,
				D0C200E42BAB73E800935DAF /* GameStream1App.swift */,
			);
			path = Vistas;
			sourceTree = "<group>";
		};
		D08194552BABF79300AA7C0B /* Modelos */ = {
			isa = PBXGroup;
			children = (
				D08194592BABF90E00AA7C0B /* Model.swift */,
			);
			path = Modelos;
			sourceTree = "<group>";
		};
		D08194562BABF7C000AA7C0B /* Vistas Modelos */ = {
			isa = PBXGroup;
			children = (
				D081945B2BABF95300AA7C0B /* ViewModel.swift */,
			);
			path = "Vistas Modelos";
			sourceTree = "<group>";
		};
		D0C200D82BAB73E800935DAF = {
			isa = PBXGroup;
			children = (
				D0C200E32BAB73E800935DAF /* GameStream1 */,
				D0C200E22BAB73E800935DAF /* Products */,
			);
			sourceTree = "<group>";
		};
		D0C200E22BAB73E800935DAF /* Products */ = {
			isa = PBXGroup;
			children = (
				D0C200E12BAB73E800935DAF /* GameStream1.app */,
			);
			name = Products;
			sourceTree = "<group>";
		};
		D0C200E32BAB73E800935DAF /* GameStream1 */ = {
			isa = PBXGroup;
			children = (
				D08194552BABF79300AA7C0B /* Modelos */,
				D08194542BABF70300AA7C0B /* Vistas */,
				D0C200E82BAB73EA00935DAF /* Assets.xcassets */,
				D08194562BABF7C000AA7C0B /* Vistas Modelos */,
				D0C200EA2BAB73EA00935DAF /* Preview Content */,
			);
			path = GameStream1;
			sourceTree = "<group>";
		};
		D0C200EA2BAB73EA00935DAF /* Preview Content */ = {
			isa = PBXGroup;
			children = (
				D0C200EB2BAB73EA00935DAF /* Preview Assets.xcassets */,
			);
			path = "Preview Content";
			sourceTree = "<group>";
		};
/* End PBXGroup section */

/* Begin PBXNativeTarget section */
		D0C200E02BAB73E800935DAF /* GameStream1 */ = {
			isa = PBXNativeTarget;
			buildConfigurationList = D0C200EF2BAB73EA00935DAF /* Build configuration list for PBXNativeTarget "GameStream1" */;
			buildPhases = (
				D0C200DD2BAB73E800935DAF /* Sources */,
				D0C200DE2BAB73E800935DAF /* Frameworks */,
				D0C200DF2BAB73E800935DAF /* Resources */,
			);
			buildRules = (
			);
			dependencies = (
			);
			name = GameStream1;
			productName = GameStream1;
			productReference = D0C200E12BAB73E800935DAF /* GameStream1.app */;
			productType = "com.apple.product-type.application";
		};
/* End PBXNativeTarget section */

/* Begin PBXProject section */
		D0C200D92BAB73E800935DAF /* Project object */ = {
			isa = PBXProject;
			attributes = {
				BuildIndependentTargetsInParallel = 1;
				LastSwiftUpdateCheck = 1530;
				LastUpgradeCheck = 1530;
				TargetAttributes = {
					D0C200E02BAB73E800935DAF = {
						CreatedOnToolsVersion = 15.3;
					};
				};
			};
			buildConfigurationList = D0C200DC2BAB73E800935DAF /* Build configuration list for PBXProject "GameStream1" */;
			compatibilityVersion = "Xcode 14.0";
			developmentRegion = en;
			hasScannedForEncodings = 0;
			knownRegions = (
				en,
				Base,
			);
			mainGroup = D0C200D82BAB73E800935DAF;
			productRefGroup = D0C200E22BAB73E800935DAF /* Products */;
			projectDirPath = "";
			projectRoot = "";
			targets = (
				D0C200E02BAB73E800935DAF /* GameStream1 */,
			);
		};
/* End PBXProject section */

/* Begin PBXResourcesBuildPhase section */
		D0C200DF2BAB73E800935DAF /* Resources */ = {
			isa = PBXResourcesBuildPhase;
			buildActionMask = 2147483647;
			files = (
				D0C200EC2BAB73EA00935DAF /* Preview Assets.xcassets in Resources */,
				D0C200E92BAB73EA00935DAF /* Assets.xcassets in Resources */,
			);
			runOnlyForDeploymentPostprocessing = 0;
		};
/* End PBXResourcesBuildPhase section */

/* Begin PBXSourcesBuildPhase section */
		D0C200DD2BAB73E800935DAF /* Sources */ = {
			isa = PBXSourcesBuildPhase;
			buildActionMask = 2147483647;
			files = (
				D081945A2BABF90E00AA7C0B /* Model.swift in Sources */,
				D0C200F32BAB745900935DAF /* ContentView.swift in Sources */,
				D0C200F52BAB746600935DAF /* Home.swift in Sources */,
				D0C200F72BAB747B00935DAF /* GamesView.swift in Sources */,
				D081945C2BABF95300AA7C0B /* ViewModel.swift in Sources */,
				D0C200E52BAB73E800935DAF /* GameStream1App.swift in Sources */,
			);
			runOnlyForDeploymentPostprocessing = 0;
		};
/* End PBXSourcesBuildPhase section */

/* Begin XCBuildConfiguration section */
		D0C200ED2BAB73EA00935DAF /* Debug */ = {
			isa = XCBuildConfiguration;
			buildSettings = {
				ALWAYS_SEARCH_USER_PATHS = NO;
				ASSETCATALOG_COMPILER_GENERATE_SWIFT_ASSET_SYMBOL_EXTENSIONS = YES;
				CLANG_ANALYZER_NONNULL = YES;
				CLANG_ANALYZER_NUMBER_OBJECT_CONVERSION = YES_AGGRESSIVE;
				CLANG_CXX_LANGUAGE_STANDARD = "gnu++20";
				CLANG_ENABLE_MODULES = YES;
				CLANG_ENABLE_OBJC_ARC = YES;
				CLANG_ENABLE_OBJC_WEAK = YES;
				CLANG_WARN_BLOCK_CAPTURE_AUTORELEASING = YES;
				CLANG_WARN_BOOL_CONVERSION = YES;
				CLANG_WARN_COMMA = YES;
				CLANG_WARN_CONSTANT_CONVERSION = YES;
				CLANG_WARN_DEPRECATED_OBJC_IMPLEMENTATIONS = YES;
				CLANG_WARN_DIRECT_OBJC_ISA_USAGE = YES_ERROR;
				CLANG_WARN_DOCUMENTATION_COMMENTS = YES;
				CLANG_WARN_EMPTY_BODY = YES;
				CLANG_WARN_ENUM_CONVERSION = YES;
				CLANG_WARN_INFINITE_RECURSION = YES;
				CLANG_WARN_INT_CONVERSION = YES;
				CLANG_WARN_NON_LITERAL_NULL_CONVERSION = YES;
				CLANG_WARN_OBJC_IMPLICIT_RETAIN_SELF = YES;
				CLANG_WARN_OBJC_LITERAL_CONVERSION = YES;
				CLANG_WARN_OBJC_ROOT_CLASS = YES_ERROR;
				CLANG_WARN_QUOTED_INCLUDE_IN_FRAMEWORK_HEADER = YES;
				CLANG_WARN_RANGE_LOOP_ANALYSIS = YES;
				CLANG_WARN_STRICT_PROTOTYPES = YES;
				CLANG_WARN_SUSPICIOUS_MOVE = YES;
				CLANG_WARN_UNGUARDED_AVAILABILITY = YES_AGGRESSIVE;
				CLANG_WARN_UNREACHABLE_CODE = YES;
				CLANG_WARN__DUPLICATE_METHOD_MATCH = YES;
				COPY_PHASE_STRIP = NO;
				DEBUG_INFORMATION_FORMAT = dwarf;
				ENABLE_STRICT_OBJC_MSGSEND = YES;
				ENABLE_TESTABILITY = YES;
				ENABLE_USER_SCRIPT_SANDBOXING = YES;
				GCC_C_LANGUAGE_STANDARD = gnu17;
				GCC_DYNAMIC_NO_PIC = NO;
				GCC_NO_COMMON_BLOCKS = YES;
				GCC_OPTIMIZATION_LEVEL = 0;
				GCC_PREPROCESSOR_DEFINITIONS = (
					"DEBUG=1",
					"$(inherited)",
				);
				GCC_WARN_64_TO_32_BIT_CONVERSION = YES;
				GCC_WARN_ABOUT_RETURN_TYPE = YES_ERROR;
				GCC_WARN_UNDECLARED_SELECTOR = YES;
				GCC_WARN_UNINITIALIZED_AUTOS = YES_AGGRESSIVE;
				GCC_WARN_UNUSED_FUNCTION = YES;
				GCC_WARN_UNUSED_VARIABLE = YES;
				IPHONEOS_DEPLOYMENT_TARGET = 17.4;
				LOCALIZATION_PREFERS_STRING_CATALOGS = YES;
				MTL_ENABLE_DEBUG_INFO = INCLUDE_SOURCE;
				MTL_FAST_MATH = YES;
				ONLY_ACTIVE_ARCH = YES;
				SDKROOT = iphoneos;
				SWIFT_ACTIVE_COMPILATION_CONDITIONS = "DEBUG $(inherited)";
				SWIFT_OPTIMIZATION_LEVEL = "-Onone";
			};
			name = Debug;
		};
		D0C200EE2BAB73EA00935DAF /* Release */ = {
			isa = XCBuildConfiguration;
			buildSettings = {
				ALWAYS_SEARCH_USER_PATHS = NO;
				ASSETCATALOG_COMPILER_GENERATE_SWIFT_ASSET_SYMBOL_EXTENSIONS = YES;
				CLANG_ANALYZER_NONNULL = YES;
				CLANG_ANALYZER_NUMBER_OBJECT_CONVERSION = YES_AGGRESSIVE;
				CLANG_CXX_LANGUAGE_STANDARD = "gnu++20";
				CLANG_ENABLE_MODULES = YES;
				CLANG_ENABLE_OBJC_ARC = YES;
				CLANG_ENABLE_OBJC_WEAK = YES;
				CLANG_WARN_BLOCK_CAPTURE_AUTORELEASING = YES;
				CLANG_WARN_BOOL_CONVERSION = YES;
				CLANG_WARN_COMMA = YES;
				CLANG_WARN_CONSTANT_CONVERSION = YES;
				CLANG_WARN_DEPRECATED_OBJC_IMPLEMENTATIONS = YES;
				CLANG_WARN_DIRECT_OBJC_ISA_USAGE = YES_ERROR;
				CLANG_WARN_DOCUMENTATION_COMMENTS = YES;
				CLANG_WARN_EMPTY_BODY = YES;
				CLANG_WARN_ENUM_CONVERSION = YES;
				CLANG_WARN_INFINITE_RECURSION = YES;
				CLANG_WARN_INT_CONVERSION = YES;
				CLANG_WARN_NON_LITERAL_NULL_CONVERSION = YES;
				CLANG_WARN_OBJC_IMPLICIT_RETAIN_SELF = YES;
				CLANG_WARN_OBJC_LITERAL_CONVERSION = YES;
				CLANG_WARN_OBJC_ROOT_CLASS = YES_ERROR;
				CLANG_WARN_QUOTED_INCLUDE_IN_FRAMEWORK_HEADER = YES;
				CLANG_WARN_RANGE_LOOP_ANALYSIS = YES;
				CLANG_WARN_STRICT_PROTOTYPES = YES;
				CLANG_WARN_SUSPICIOUS_MOVE = YES;
				CLANG_WARN_UNGUARDED_AVAILABILITY = YES_AGGRESSIVE;
				CLANG_WARN_UNREACHABLE_CODE = YES;
				CLANG_WARN__DUPLICATE_METHOD_MATCH = YES;
				COPY_PHASE_STRIP = NO;
				DEBUG_INFORMATION_FORMAT = "dwarf-with-dsym";
				ENABLE_NS_ASSERTIONS = NO;
				ENABLE_STRICT_OBJC_MSGSEND = YES;
				ENABLE_USER_SCRIPT_SANDBOXING = YES;
				GCC_C_LANGUAGE_STANDARD = gnu17;
				GCC_NO_COMMON_BLOCKS = YES;
				GCC_WARN_64_TO_32_BIT_CONVERSION = YES;
				GCC_WARN_ABOUT_RETURN_TYPE = YES_ERROR;
				GCC_WARN_UNDECLARED_SELECTOR = YES;
				GCC_WARN_UNINITIALIZED_AUTOS = YES_AGGRESSIVE;
				GCC_WARN_UNUSED_FUNCTION = YES;
				GCC_WARN_UNUSED_VARIABLE = YES;
				IPHONEOS_DEPLOYMENT_TARGET = 17.4;
				LOCALIZATION_PREFERS_STRING_CATALOGS = YES;
				MTL_ENABLE_DEBUG_INFO = NO;
				MTL_FAST_MATH = YES;
				SDKROOT = iphoneos;
				SWIFT_COMPILATION_MODE = wholemodule;
				VALIDATE_PRODUCT = YES;
			};
			name = Release;
		};
		D0C200F02BAB73EA00935DAF /* Debug */ = {
			isa = XCBuildConfiguration;
			buildSettings = {
				ASSETCATALOG_COMPILER_APPICON_NAME = AppIcon;
				ASSETCATALOG_COMPILER_GLOBAL_ACCENT_COLOR_NAME = AccentColor;
				CODE_SIGN_STYLE = Automatic;
				CURRENT_PROJECT_VERSION = 1;
				DEVELOPMENT_ASSET_PATHS = "\"GameStream1/Preview Content\"";
				DEVELOPMENT_TEAM = T7283TTLGQ;
				ENABLE_PREVIEWS = YES;
				GENERATE_INFOPLIST_FILE = YES;
				INFOPLIST_KEY_UIApplicationSceneManifest_Generation = YES;
				INFOPLIST_KEY_UIApplicationSupportsIndirectInputEvents = YES;
				INFOPLIST_KEY_UILaunchScreen_Generation = YES;
				INFOPLIST_KEY_UISupportedInterfaceOrientations_iPad = "UIInterfaceOrientationPortrait UIInterfaceOrientationPortraitUpsideDown UIInterfaceOrientationLandscapeLeft UIInterfaceOrientationLandscapeRight";
				INFOPLIST_KEY_UISupportedInterfaceOrientations_iPhone = "UIInterfaceOrientationPortrait UIInterfaceOrientationLandscapeLeft UIInterfaceOrientationLandscapeRight";
				LD_RUNPATH_SEARCH_PATHS = (
					"$(inherited)",
					"@executable_path/Frameworks",
				);
				MARKETING_VERSION = 1.0;
				PRODUCT_BUNDLE_IDENTIFIER = com.ricardoherrera.GameStream1;
				PRODUCT_NAME = "$(TARGET_NAME)";
				SWIFT_EMIT_LOC_STRINGS = YES;
				SWIFT_VERSION = 5.0;
				TARGETED_DEVICE_FAMILY = "1,2";
			};
			name = Debug;
		};
		D0C200F12BAB73EA00935DAF /* Release */ = {
			isa = XCBuildConfiguration;
			buildSettings = {
				ASSETCATALOG_COMPILER_APPICON_NAME = AppIcon;
				ASSETCATALOG_COMPILER_GLOBAL_ACCENT_COLOR_NAME = AccentColor;
				CODE_SIGN_STYLE = Automatic;
				CURRENT_PROJECT_VERSION = 1;
				DEVELOPMENT_ASSET_PATHS = "\"GameStream1/Preview Content\"";
				DEVELOPMENT_TEAM = T7283TTLGQ;
				ENABLE_PREVIEWS = YES;
				GENERATE_INFOPLIST_FILE = YES;
				INFOPLIST_KEY_UIApplicationSceneManifest_Generation = YES;
				INFOPLIST_KEY_UIApplicationSupportsIndirectInputEvents = YES;
				INFOPLIST_KEY_UILaunchScreen_Generation = YES;
				INFOPLIST_KEY_UISupportedInterfaceOrientations_iPad = "UIInterfaceOrientationPortrait UIInterfaceOrientationPortraitUpsideDown UIInterfaceOrientationLandscapeLeft UIInterfaceOrientationLandscapeRight";
				INFOPLIST_KEY_UISupportedInterfaceOrientations_iPhone = "UIInterfaceOrientationPortrait UIInterfaceOrientationLandscapeLeft UIInterfaceOrientationLandscapeRight";
				LD_RUNPATH_SEARCH_PATHS = (
					"$(inherited)",
					"@executable_path/Frameworks",
				);
				MARKETING_VERSION = 1.0;
				PRODUCT_BUNDLE_IDENTIFIER = com.ricardoherrera.GameStream1;
				PRODUCT_NAME = "$(TARGET_NAME)";
				SWIFT_EMIT_LOC_STRINGS = YES;
				SWIFT_VERSION = 5.0;
				TARGETED_DEVICE_FAMILY = "1,2";
			};
			name = Release;
		};
/* End XCBuildConfiguration section */

/* Begin XCConfigurationList section */
		D0C200DC2BAB73E800935DAF /* Build configuration list for PBXProject "GameStream1" */ = {
			isa = XCConfigurationList;
			buildConfigurations = (
				D0C200ED2BAB73EA00935DAF /* Debug */,
				D0C200EE2BAB73EA00935DAF /* Release */,
			);
			defaultConfigurationIsVisible = 0;
			defaultConfigurationName = Release;
		};
		D0C200EF2BAB73EA00935DAF /* Build configuration list for PBXNativeTarget "GameStream1" */ = {
			isa = XCConfigurationList;
			buildConfigurations = (
				D0C200F02BAB73EA00935DAF /* Debug */,
				D0C200F12BAB73EA00935DAF /* Release */,
			);
			defaultConfigurationIsVisible = 0;
			defaultConfigurationName = Release;
		};
/* End XCConfigurationList section */
	};
	rootObject = D0C200D92BAB73E800935DAF /* Project object */;
}
